{
  "name": "cli-view",
  "version": "1.0.0",
  "lockfileVersion": 1,
  "requires": true,
  "dependencies": {
    "@babel/runtime": {
      "version": "7.4.3",
      "resolved": "http://gitlab.esf.fangdd.net:61627/@babel%2fruntime/-/runtime-7.4.3.tgz",
      "integrity": "sha512-9lsJwJLxDh/T3Q3SZszfWOTkk3pHbkmH+3KY+zwIDmsNlxsumuhS2TH3NIpktU4kNvfzy+k3eLT7aTJSPTo0OA==",
      "requires": {
        "regenerator-runtime": "^0.13.2"
      }
    },
    "asap": {
      "version": "2.0.6",
      "resolved": "http://gitlab.esf.fangdd.net:61627/asap/-/asap-2.0.6.tgz",
      "integrity": "sha1-5QNHYR1+aQlDIIu9r+vLwvuGbUY="
    },
    "axios": {
      "version": "0.18.0",
      "resolved": "http://registry.npm.taobao.org/axios/download/axios-0.18.0.tgz?cache=0&other_urls=http%3A%2F%2Fregistry.npm.taobao.org%2Faxios%2Fdownload%2Faxios-0.18.0.tgz",
      "integrity": "sha1-MtU+SFHv3AoRmTts0AB4nXDAUQI=",
      "requires": {
        "follow-redirects": "^1.3.0",
        "is-buffer": "^1.1.5"
      }
    },
    "big.js": {
      "version": "5.2.2",
      "resolved": "http://gitlab.esf.fangdd.net:61627/big.js/-/big.js-5.2.2.tgz",
      "integrity": "sha512-vyL2OymJxmarO8gxMr0mhChsO9QGwhynfuu4+MHTAW6czfq9humCB7rKpUjDd9YUiDPU4mzpyupFSvOClAwbmQ==",
      "dev": true
    },
    "core-js": {
      "version": "1.2.7",
      "resolved": "http://gitlab.esf.fangdd.net:61627/core-js/-/core-js-1.2.7.tgz",
      "integrity": "sha1-ZSKUwUZR2yj6k70tX/KYOk8IxjY="
    },
    "create-react-context": {
      "version": "0.2.3",
      "resolved": "http://gitlab.esf.fangdd.net:61627/create-react-context/-/create-react-context-0.2.3.tgz",
      "integrity": "sha512-CQBmD0+QGgTaxDL3OX1IDXYqjkp2It4RIbcb99jS6AEg27Ga+a9G3JtK6SIu0HBwPLZlmwt9F7UwWA4Bn92Rag==",
      "requires": {
        "fbjs": "^0.8.0",
        "gud": "^1.0.0"
      }
    },
    "debug": {
      "version": "3.2.6",
      "resolved": "http://registry.npm.taobao.org/debug/download/debug-3.2.6.tgz",
      "integrity": "sha1-6D0X3hbYp++3cX7b5fsQE17uYps=",
      "requires": {
        "ms": "^2.1.1"
      }
    },
    "dom-walk": {
      "version": "0.1.1",
      "resolved": "http://gitlab.esf.fangdd.net:61627/dom-walk/-/dom-walk-0.1.1.tgz",
      "integrity": "sha1-ZyIm3HTI95mtNTB9+TaroRrNYBg=",
      "dev": true
    },
    "emojis-list": {
      "version": "2.1.0",
      "resolved": "http://gitlab.esf.fangdd.net:61627/emojis-list/-/emojis-list-2.1.0.tgz",
      "integrity": "sha1-TapNnbAPmBmIDHn6RXrlsJof04k=",
      "dev": true
    },
    "encoding": {
      "version": "0.1.12",
      "resolved": "http://gitlab.esf.fangdd.net:61627/encoding/-/encoding-0.1.12.tgz",
      "integrity": "sha1-U4tm8+5izRq1HsMjgp0flIDHS+s=",
      "requires": {
        "iconv-lite": "~0.4.13"
      }
    },
    "fast-levenshtein": {
      "version": "2.0.6",
      "resolved": "http://gitlab.esf.fangdd.net:61627/fast-levenshtein/-/fast-levenshtein-2.0.6.tgz",
      "integrity": "sha1-PYpcZog6FqMMqGQ+hR8Zuqd5eRc=",
      "dev": true
    },
    "fbjs": {
      "version": "0.8.17",
      "resolved": "http://gitlab.esf.fangdd.net:61627/fbjs/-/fbjs-0.8.17.tgz",
      "integrity": "sha1-xNWY6taUkRJlPWWIsBpc3Nn5D90=",
      "requires": {
        "core-js": "^1.0.0",
        "isomorphic-fetch": "^2.1.1",
        "loose-envify": "^1.0.0",
        "object-assign": "^4.1.0",
        "promise": "^7.1.1",
        "setimmediate": "^1.0.5",
        "ua-parser-js": "^0.7.18"
      }
    },
    "follow-redirects": {
      "version": "1.7.0",
      "resolved": "http://registry.npm.taobao.org/follow-redirects/download/follow-redirects-1.7.0.tgz",
      "integrity": "sha1-SJ68GY3A5/ZBZ70jsDxMGbV4THY=",
      "requires": {
        "debug": "^3.2.6"
      }
    },
    "global": {
      "version": "4.3.2",
      "resolved": "http://gitlab.esf.fangdd.net:61627/global/-/global-4.3.2.tgz",
      "integrity": "sha1-52mJJopsdMOJCLEwWxD8DjlOnQ8=",
      "dev": true,
      "requires": {
        "min-document": "^2.19.0",
        "process": "~0.5.1"
      }
    },
    "gud": {
      "version": "1.0.0",
      "resolved": "http://gitlab.esf.fangdd.net:61627/gud/-/gud-1.0.0.tgz",
      "integrity": "sha512-zGEOVKFM5sVPPrYs7J5/hYEw2Pof8KCyOwyhG8sAF26mCAeUFAcYPu1mwB7hhpIP29zOIBaDqwuHdLp0jvZXjw=="
    },
    "history": {
      "version": "4.9.0",
      "resolved": "http://gitlab.esf.fangdd.net:61627/history/-/history-4.9.0.tgz",
      "integrity": "sha512-H2DkjCjXf0Op9OAr6nJ56fcRkTSNrUiv41vNJ6IswJjif6wlpZK0BTfFbi7qK9dXLSYZxkq5lBsj3vUjlYBYZA==",
      "requires": {
        "@babel/runtime": "^7.1.2",
        "loose-envify": "^1.2.0",
        "resolve-pathname": "^2.2.0",
        "tiny-invariant": "^1.0.2",
        "tiny-warning": "^1.0.0",
        "value-equal": "^0.4.0"
      }
    },
    "hoist-non-react-statics": {
      "version": "3.3.0",
      "resolved": "http://gitlab.esf.fangdd.net:61627/hoist-non-react-statics/-/hoist-non-react-statics-3.3.0.tgz",
      "integrity": "sha512-0XsbTXxgiaCDYDIWFcwkmerZPSwywfUqYmwT4jzewKTQSWoE6FCMoUVOeBJWK3E/CrWbxRG3m5GzY4lnIwGRBA==",
      "requires": {
        "react-is": "^16.7.0"
      }
    },
    "iconv-lite": {
      "version": "0.4.24",
      "resolved": "http://gitlab.esf.fangdd.net:61627/iconv-lite/-/iconv-lite-0.4.24.tgz",
      "integrity": "sha512-v3MXnZAcvnywkTUEZomIActle7RXXeedOR31wwl7VlyoXO4Qi9arvSenNQWne1TcRwhCL1HwLI21bEqdpj8/rA==",
      "requires": {
        "safer-buffer": ">= 2.1.2 < 3"
      }
    },
    "invariant": {
      "version": "2.2.4",
      "resolved": "http://registry.npm.taobao.org/invariant/download/invariant-2.2.4.tgz",
      "integrity": "sha1-YQ88ksk1nOHbYW5TgAjSP/NRWOY=",
      "requires": {
        "loose-envify": "^1.0.0"
      }
    },
    "is-buffer": {
      "version": "1.1.6",
      "resolved": "http://registry.npm.taobao.org/is-buffer/download/is-buffer-1.1.6.tgz",
      "integrity": "sha1-76ouqdqg16suoTqXsritUf776L4="
    },
    "is-stream": {
      "version": "1.1.0",
      "resolved": "http://gitlab.esf.fangdd.net:61627/is-stream/-/is-stream-1.1.0.tgz",
      "integrity": "sha1-EtSj3U5o4Lec6428hBc66A2RykQ="
    },
    "isarray": {
      "version": "0.0.1",
      "resolved": "http://gitlab.esf.fangdd.net:61627/isarray/-/isarray-0.0.1.tgz",
      "integrity": "sha1-ihis/Kmo9Bd+Cav8YDiTmwXR7t8="
    },
    "isomorphic-fetch": {
      "version": "2.2.1",
      "resolved": "http://gitlab.esf.fangdd.net:61627/isomorphic-fetch/-/isomorphic-fetch-2.2.1.tgz",
      "integrity": "sha1-YRrhrPFPXoH3KVB0coGf6XM1WKk=",
      "requires": {
        "node-fetch": "^1.0.1",
        "whatwg-fetch": ">=0.10.0"
      }
    },
    "js-tokens": {
      "version": "4.0.0",
      "resolved": "http://gitlab.esf.fangdd.net:61627/js-tokens/-/js-tokens-4.0.0.tgz",
      "integrity": "sha512-RdJUflcE3cUzKiMqQgsCu06FPu9UdIJO0beYbPhHN4k6apgJtifcoCtT9bcxOpYBtpD2kCM6Sbzg4CausW/PKQ=="
    },
    "json5": {
      "version": "1.0.1",
      "resolved": "http://gitlab.esf.fangdd.net:61627/json5/-/json5-1.0.1.tgz",
      "integrity": "sha512-aKS4WQjPenRxiQsC93MNfjx+nbF4PAdYzmd/1JIj8HYzqfbu86beTuNgXDzPknWk0n0uARlyewZo4s++ES36Ow==",
      "dev": true,
      "requires": {
        "minimist": "^1.2.0"
      }
    },
    "loader-utils": {
      "version": "1.2.3",
      "resolved": "http://gitlab.esf.fangdd.net:61627/loader-utils/-/loader-utils-1.2.3.tgz",
      "integrity": "sha512-fkpz8ejdnEMG3s37wGL07iSBDg99O9D5yflE9RGNH3hRdx9SOwYfnGYdZOUIZitN8E+E2vkq3MUMYMvPYl5ZZA==",
      "dev": true,
      "requires": {
        "big.js": "^5.2.2",
        "emojis-list": "^2.0.0",
        "json5": "^1.0.1"
      }
    },
    "lodash": {
      "version": "4.17.11",
      "resolved": "http://gitlab.esf.fangdd.net:61627/lodash/-/lodash-4.17.11.tgz",
      "integrity": "sha512-cQKh8igo5QUhZ7lg38DYWAxMvjSAKG0A8wGSVimP07SIUEK2UO+arSRKbRZWtelMtN5V0Hkwh5ryOto/SshYIg==",
      "dev": true
    },
    "loose-envify": {
      "version": "1.4.0",
      "resolved": "http://gitlab.esf.fangdd.net:61627/loose-envify/-/loose-envify-1.4.0.tgz",
      "integrity": "sha512-lyuxPGr/Wfhrlem2CL/UcnUc1zcqKAImBDzukY7Y5F/yQiNdko6+fRLevlw1HgMySw7f611UIY408EtxRSoK3Q==",
      "requires": {
        "js-tokens": "^3.0.0 || ^4.0.0"
      }
    },
    "min-document": {
      "version": "2.19.0",
      "resolved": "http://gitlab.esf.fangdd.net:61627/min-document/-/min-document-2.19.0.tgz",
      "integrity": "sha1-e9KC4/WELtKVu3SM3Z8f+iyCRoU=",
      "dev": true,
      "requires": {
        "dom-walk": "^0.1.0"
      }
    },
    "minimist": {
      "version": "1.2.0",
      "resolved": "http://gitlab.esf.fangdd.net:61627/minimist/-/minimist-1.2.0.tgz",
      "integrity": "sha1-o1AIsg9BOD7sH7kU9M1d95omQoQ=",
      "dev": true
    },
    "ms": {
      "version": "2.1.1",
      "resolved": "http://registry.npm.taobao.org/ms/download/ms-2.1.1.tgz",
      "integrity": "sha1-MKWGTrPrsKZvLr5tcnrwagnYbgo="
    },
    "node-fetch": {
      "version": "1.7.3",
      "resolved": "http://gitlab.esf.fangdd.net:61627/node-fetch/-/node-fetch-1.7.3.tgz",
      "integrity": "sha512-NhZ4CsKx7cYm2vSrBAr2PvFOe6sWDf0UYLRqA6svUYg7+/TSfVAu49jYC4BvQ4Sms9SZgdqGBgroqfDhJdTyKQ==",
      "requires": {
        "encoding": "^0.1.11",
        "is-stream": "^1.0.1"
      }
    },
    "object-assign": {
      "version": "4.1.1",
      "resolved": "http://gitlab.esf.fangdd.net:61627/object-assign/-/object-assign-4.1.1.tgz",
      "integrity": "sha1-IQmtx5ZYh8/AXLvUQsrIv7s2CGM="
    },
    "path-to-regexp": {
      "version": "1.7.0",
      "resolved": "http://gitlab.esf.fangdd.net:61627/path-to-regexp/-/path-to-regexp-1.7.0.tgz",
      "integrity": "sha1-Wf3g9DW62suhA6hOnTvGTpa5k30=",
      "requires": {
        "isarray": "0.0.1"
      }
    },
    "process": {
      "version": "0.5.2",
      "resolved": "http://gitlab.esf.fangdd.net:61627/process/-/process-0.5.2.tgz",
      "integrity": "sha1-FjjYqONML0QKkduVq5rrZ3/Bhc8=",
      "dev": true
    },
    "promise": {
      "version": "7.3.1",
      "resolved": "http://gitlab.esf.fangdd.net:61627/promise/-/promise-7.3.1.tgz",
      "integrity": "sha512-nolQXZ/4L+bP/UGlkfaIujX9BKxGwmQ9OT4mOt5yvy8iK1h3wqTEJCijzGANTCCl9nWjY41juyAn2K3Q1hLLTg==",
      "requires": {
        "asap": "~2.0.3"
      }
    },
    "prop-types": {
      "version": "15.7.2",
      "resolved": "http://gitlab.esf.fangdd.net:61627/prop-types/-/prop-types-15.7.2.tgz",
      "integrity": "sha512-8QQikdH7//R2vurIJSutZ1smHYTcLpRWEOlHnzcWHmBYrOGUysKwSsrC89BCiFj3CbrfJ/nXFdJepOVrY1GCHQ==",
      "requires": {
        "loose-envify": "^1.4.0",
        "object-assign": "^4.1.1",
        "react-is": "^16.8.1"
      }
    },
    "react": {
      "version": "16.8.5",
      "resolved": "http://gitlab.esf.fangdd.net:61627/react/-/react-16.8.5.tgz",
      "integrity": "sha512-daCb9TD6FZGvJ3sg8da1tRAtIuw29PbKZW++NN4wqkbEvxL+bZpaaYb4xuftW/SpXmgacf1skXl/ddX6CdOlDw==",
      "requires": {
        "loose-envify": "^1.1.0",
        "object-assign": "^4.1.1",
        "prop-types": "^15.6.2",
        "scheduler": "^0.13.5"
      }
    },
    "react-dom": {
      "version": "16.8.5",
      "resolved": "http://gitlab.esf.fangdd.net:61627/react-dom/-/react-dom-16.8.5.tgz",
      "integrity": "sha512-VIEIvZLpFafsfu4kgmftP5L8j7P1f0YThfVTrANMhZUFMDOsA6e0kfR6wxw/8xxKs4NB59TZYbxNdPCDW34x4w==",
      "requires": {
        "loose-envify": "^1.1.0",
        "object-assign": "^4.1.1",
        "prop-types": "^15.6.2",
        "scheduler": "^0.13.5"
      }
    },
    "react-hot-loader": {
      "version": "4.8.3",
      "resolved": "http://gitlab.esf.fangdd.net:61627/react-hot-loader/-/react-hot-loader-4.8.3.tgz",
      "integrity": "sha512-Is8bKbSxuDLTqsWu1yjr+o1yA6yGDGjEQ2i1E8t/Nj1xJYC6QBRbyoofTn1xkMoKpcgXHuTJTqBhK0RY6moFJA==",
      "dev": true,
      "requires": {
        "fast-levenshtein": "^2.0.6",
        "global": "^4.3.0",
        "hoist-non-react-statics": "^3.3.0",
        "loader-utils": "^1.1.0",
        "lodash": "^4.17.11",
        "prop-types": "^15.6.1",
        "react-lifecycles-compat": "^3.0.4",
        "shallowequal": "^1.0.2",
        "source-map": "^0.7.3"
      }
    },
    "react-is": {
      "version": "16.8.5",
      "resolved": "http://gitlab.esf.fangdd.net:61627/react-is/-/react-is-16.8.5.tgz",
      "integrity": "sha512-sudt2uq5P/2TznPV4Wtdi+Lnq3yaYW8LfvPKLM9BKD8jJNBkxMVyB0C9/GmVhLw7Jbdmndk/73n7XQGeN9A3QQ=="
    },
    "react-lifecycles-compat": {
      "version": "3.0.4",
      "resolved": "http://gitlab.esf.fangdd.net:61627/react-lifecycles-compat/-/react-lifecycles-compat-3.0.4.tgz",
      "integrity": "sha512-fBASbA6LnOU9dOU2eW7aQ8xmYBSXUIWr+UmF9b1efZBazGNO+rcXT/icdKnYm2pTwcRylVUYwW7H1PHfLekVzA==",
      "dev": true
    },
    "react-loadable": {
      "version": "5.5.0",
      "resolved": "http://gitlab.esf.fangdd.net:61627/react-loadable/-/react-loadable-5.5.0.tgz",
      "integrity": "sha512-C8Aui0ZpMd4KokxRdVAm2bQtI03k2RMRNzOB+IipV3yxFTSVICv7WoUr5L9ALB5BmKO1iHgZtWM8EvYG83otdg==",
      "requires": {
        "prop-types": "^15.5.0"
      }
    },
    "react-redux": {
      "version": "7.0.2",
      "resolved": "http://registry.npm.taobao.org/react-redux/download/react-redux-7.0.2.tgz",
      "integrity": "sha1-NLKAo0gqr2Dn1KUEsSlRZcvmuGo=",
      "requires": {
        "@babel/runtime": "^7.4.3",
        "hoist-non-react-statics": "^3.3.0",
        "invariant": "^2.2.4",
        "loose-envify": "^1.4.0",
        "prop-types": "^15.7.2",
        "react-is": "^16.8.6"
      },
      "dependencies": {
        "react-is": {
          "version": "16.8.6",
          "resolved": "http://registry.npm.taobao.org/react-is/download/react-is-16.8.6.tgz",
          "integrity": "sha1-W7weLSkUHJ+9/tRWND/ivEMKahY="
        }
      }
    },
    "react-router": {
      "version": "5.0.0",
      "resolved": "http://gitlab.esf.fangdd.net:61627/react-router/-/react-router-5.0.0.tgz",
      "integrity": "sha512-6EQDakGdLG/it2x9EaCt9ZpEEPxnd0OCLBHQ1AcITAAx7nCnyvnzf76jKWG1s2/oJ7SSviUgfWHofdYljFexsA==",
      "requires": {
        "@babel/runtime": "^7.1.2",
        "create-react-context": "^0.2.2",
        "history": "^4.9.0",
        "hoist-non-react-statics": "^3.1.0",
        "loose-envify": "^1.3.1",
        "path-to-regexp": "^1.7.0",
        "prop-types": "^15.6.2",
        "react-is": "^16.6.0",
        "tiny-invariant": "^1.0.2",
        "tiny-warning": "^1.0.0"
      }
    },
    "react-router-dom": {
      "version": "5.0.0",
      "resolved": "http://gitlab.esf.fangdd.net:61627/react-router-dom/-/react-router-dom-5.0.0.tgz",
      "integrity": "sha512-wSpja5g9kh5dIteZT3tUoggjnsa+TPFHSMrpHXMpFsaHhQkm/JNVGh2jiF9Dkh4+duj4MKCkwO6H08u6inZYgQ==",
      "requires": {
        "@babel/runtime": "^7.1.2",
        "history": "^4.9.0",
        "loose-envify": "^1.3.1",
        "prop-types": "^15.6.2",
        "react-router": "5.0.0",
        "tiny-invariant": "^1.0.2",
        "tiny-warning": "^1.0.0"
      }
    },
    "react-thunk": {
      "version": "1.0.0",
      "resolved": "http://gitlab.esf.fangdd.net:61627/react-thunk/-/react-thunk-1.0.0.tgz",
      "integrity": "sha1-eYE9R/MRR+ga7oQe1edqnj6ryLE="
    },
    "redux": {
      "version": "4.0.1",
      "resolved": "http://registry.npm.taobao.org/redux/download/redux-4.0.1.tgz",
      "integrity": "sha1-Q2yubMQPvkcnaJ18j65EgI8b/vU=",
      "requires": {
        "loose-envify": "^1.4.0",
        "symbol-observable": "^1.2.0"
      }
    },
    "redux-thunk": {
      "version": "2.3.0",
      "resolved": "http://registry.npm.taobao.org/redux-thunk/download/redux-thunk-2.3.0.tgz",
      "integrity": "sha1-UcLBmhhe1Rh6qpotCLZm0NZGdiI="
    },
    "regenerator-runtime": {
      "version": "0.13.2",
      "resolved": "http://gitlab.esf.fangdd.net:61627/regenerator-runtime/-/regenerator-runtime-0.13.2.tgz",
      "integrity": "sha512-S/TQAZJO+D3m9xeN1WTI8dLKBBiRgXBlTJvbWjCThHWZj9EvHK70Ff50/tYj2J/fvBY6JtFVwRuazHN2E7M9BA=="
    },
    "resolve-pathname": {
      "version": "2.2.0",
      "resolved": "http://gitlab.esf.fangdd.net:61627/resolve-pathname/-/resolve-pathname-2.2.0.tgz",
      "integrity": "sha512-bAFz9ld18RzJfddgrO2e/0S2O81710++chRMUxHjXOYKF6jTAMrUNZrEZ1PvV0zlhfjidm08iRPdTLPno1FuRg=="
    },
    "safer-buffer": {
      "version": "2.1.2",
      "resolved": "http://gitlab.esf.fangdd.net:61627/safer-buffer/-/safer-buffer-2.1.2.tgz",
      "integrity": "sha512-YZo3K82SD7Riyi0E1EQPojLz7kpepnSQI9IyPbHHg1XXXevb5dJI7tpyN2ADxGcQbHG7vcyRHk0cbwqcQriUtg=="
    },
    "scheduler": {
      "version": "0.13.5",
      "resolved": "http://gitlab.esf.fangdd.net:61627/scheduler/-/scheduler-0.13.5.tgz",
      "integrity": "sha512-K98vjkQX9OIt/riLhp6F+XtDPtMQhqNcf045vsh+pcuvHq+PHy1xCrH3pq1P40m6yR46lpVvVhKdEOtnimuUJw==",
      "requires": {
        "loose-envify": "^1.1.0",
        "object-assign": "^4.1.1"
      }
    },
    "setimmediate": {
      "version": "1.0.5",
      "resolved": "http://gitlab.esf.fangdd.net:61627/setimmediate/-/setimmediate-1.0.5.tgz",
      "integrity": "sha1-KQy7Iy4waULX1+qbg3Mqt4VvgoU="
    },
    "shallowequal": {
      "version": "1.1.0",
      "resolved": "http://gitlab.esf.fangdd.net:61627/shallowequal/-/shallowequal-1.1.0.tgz",
      "integrity": "sha512-y0m1JoUZSlPAjXVtPPW70aZWfIL/dSP7AFkRnniLCrK/8MDKog3TySTBmckD+RObVxH0v4Tox67+F14PdED2oQ==",
      "dev": true
    },
    "source-map": {
      "version": "0.7.3",
      "resolved": "http://gitlab.esf.fangdd.net:61627/source-map/-/source-map-0.7.3.tgz",
      "integrity": "sha512-CkCj6giN3S+n9qrYiBTX5gystlENnRW5jZeNLHpe6aue+SrHcG5VYwujhW9s4dY31mEGsxBDrHR6oI69fTXsaQ==",
      "dev": true
    },
    "symbol-observable": {
      "version": "1.2.0",
      "resolved": "http://registry.npm.taobao.org/symbol-observable/download/symbol-observable-1.2.0.tgz",
      "integrity": "sha1-wiaIrtTqs83C3+rLtWFmBWCgCAQ="
    },
    "tiny-invariant": {
      "version": "1.0.4",
      "resolved": "http://gitlab.esf.fangdd.net:61627/tiny-invariant/-/tiny-invariant-1.0.4.tgz",
      "integrity": "sha512-lMhRd/djQJ3MoaHEBrw8e2/uM4rs9YMNk0iOr8rHQ0QdbM7D4l0gFl3szKdeixrlyfm9Zqi4dxHCM2qVG8ND5g=="
    },
    "tiny-warning": {
      "version": "1.0.2",
      "resolved": "http://gitlab.esf.fangdd.net:61627/tiny-warning/-/tiny-warning-1.0.2.tgz",
      "integrity": "sha512-rru86D9CpQRLvsFG5XFdy0KdLAvjdQDyZCsRcuu60WtzFylDM3eAWSxEVz5kzL2Gp544XiUvPbVKtOA/txLi9Q=="
    },
    "ua-parser-js": {
      "version": "0.7.19",
      "resolved": "http://gitlab.esf.fangdd.net:61627/ua-parser-js/-/ua-parser-js-0.7.19.tgz",
      "integrity": "sha512-T3PVJ6uz8i0HzPxOF9SWzWAlfN/DavlpQqepn22xgve/5QecC+XMCAtmUNnY7C9StehaV6exjUCI801lOI7QlQ=="
    },
    "value-equal": {
      "version": "0.4.0",
      "resolved": "http://gitlab.esf.fangdd.net:61627/value-equal/-/value-equal-0.4.0.tgz",
      "integrity": "sha512-x+cYdNnaA3CxvMaTX0INdTCN8m8aF2uY9BvEqmxuYp8bL09cs/kWVQPVGcA35fMktdOsP69IgU7wFj/61dJHEw=="
    },
    "whatwg-fetch": {
      "version": "3.0.0",
      "resolved": "http://gitlab.esf.fangdd.net:61627/whatwg-fetch/-/whatwg-fetch-3.0.0.tgz",
      "integrity": "sha512-9GSJUgz1D4MfyKU7KRqwOjXCXTqWdFNvEr7eUBYchQiVc744mqK/MzXPNR2WsPkmkOa4ywfg8C2n8h+13Bey1Q=="
    }
  }
}
